
Microsoft Visual Studio Solution File, Format Version 12.00
# Visual Studio 15
VisualStudioVersion = 15.0.27004.2005
MinimumVisualStudioVersion = 10.0.40219.1
Project("{2150E333-8FDC-42A3-9474-1A3956D46DE8}") = "Examples", "Examples", "{36C26E5A-FEB1-4463-8BB7-58A0AD55B8AD}"
EndProject
Project("{9A19103F-16F7-4668-BE54-9A1E7A4F7556}") = "Ninject.Extensions.Wcf", "src\Ninject.Extensions.Wcf\Ninject.Extensions.Wcf.csproj", "{95906A18-0F51-4FFC-96AE-27F9A147BBAA}"
EndProject
Project("{FAE04EC0-301F-11D3-BF4B-00C04F79EFBC}") = "WindowsTimeService", "src\Examples\WindowsTimeService\WindowsTimeService.csproj", "{4EA178FB-9ED8-4848-BED9-7D7158DDD62F}"
EndProject
Project("{FAE04EC0-301F-11D3-BF4B-00C04F79EFBC}") = "WcfTimeService", "src\Examples\WcfTimeService\WcfTimeService.csproj", "{1DC40C0B-580D-4BAD-A113-5E9D3FBDDBBD}"
EndProject
Project("{FAE04EC0-301F-11D3-BF4B-00C04F79EFBC}") = "TimeServiceClient", "src\Examples\TimeServiceClient\TimeServiceClient.csproj", "{857A2F92-C76E-4E57-9B9F-2E627C5ED5CE}"
	ProjectSection(ProjectDependencies) = postProject
		{1DC40C0B-580D-4BAD-A113-5E9D3FBDDBBD} = {1DC40C0B-580D-4BAD-A113-5E9D3FBDDBBD}
	EndProjectSection
EndProject
Project("{FAE04EC0-301F-11D3-BF4B-00C04F79EFBC}") = "WcfServiceLibrary", "src\Examples\WcfServiceLibrary\WcfServiceLibrary.csproj", "{D47BED43-C87D-4C7B-B31C-22A54B8950B3}"
EndProject
Project("{FAE04EC0-301F-11D3-BF4B-00C04F79EFBC}") = "WcfRestService", "src\Examples\WcfRestService\WcfRestService.csproj", "{5E7C53B5-FC3A-49EE-9F5B-2B73A6AE5946}"
EndProject
Project("{9A19103F-16F7-4668-BE54-9A1E7A4F7556}") = "Ninject.Extensions.Wcf.SelfHost", "src\Ninject.Extensions.Wcf.SelfHost\Ninject.Extensions.Wcf.SelfHost.csproj", "{9FB26E4B-E5C0-4EAA-AAAE-44247B3ECE1E}"
EndProject
Project("{2150E333-8FDC-42A3-9474-1A3956D46DE8}") = "Solution Items", "Solution Items", "{D9810EAD-300A-43DD-BA91-66C09FA2A0B1}"
	ProjectSection(SolutionItems) = preProject
		appveyor.yml = appveyor.yml
		CHANGELOG.md = CHANGELOG.md
		README.md = README.md
	EndProjectSection
EndProject
Global
	GlobalSection(SolutionConfigurationPlatforms) = preSolution
		Debug|Any CPU = Debug|Any CPU
		Release|Any CPU = Release|Any CPU
	EndGlobalSection
	GlobalSection(ProjectConfigurationPlatforms) = postSolution
		{95906A18-0F51-4FFC-96AE-27F9A147BBAA}.Debug|Any CPU.ActiveCfg = Debug|Any CPU
		{95906A18-0F51-4FFC-96AE-27F9A147BBAA}.Debug|Any CPU.Build.0 = Debug|Any CPU
		{95906A18-0F51-4FFC-96AE-27F9A147BBAA}.Release|Any CPU.ActiveCfg = Release|Any CPU
		{95906A18-0F51-4FFC-96AE-27F9A147BBAA}.Release|Any CPU.Build.0 = Release|Any CPU
		{4EA178FB-9ED8-4848-BED9-7D7158DDD62F}.Debug|Any CPU.ActiveCfg = Debug|Any CPU
		{4EA178FB-9ED8-4848-BED9-7D7158DDD62F}.Debug|Any CPU.Build.0 = Debug|Any CPU
		{4EA178FB-9ED8-4848-BED9-7D7158DDD62F}.Release|Any CPU.ActiveCfg = Release|Any CPU
		{4EA178FB-9ED8-4848-BED9-7D7158DDD62F}.Release|Any CPU.Build.0 = Release|Any CPU
		{1DC40C0B-580D-4BAD-A113-5E9D3FBDDBBD}.Debug|Any CPU.ActiveCfg = Debug|Any CPU
		{1DC40C0B-580D-4BAD-A113-5E9D3FBDDBBD}.Debug|Any CPU.Build.0 = Debug|Any CPU
		{1DC40C0B-580D-4BAD-A113-5E9D3FBDDBBD}.Release|Any CPU.ActiveCfg = Release|Any CPU
		{1DC40C0B-580D-4BAD-A113-5E9D3FBDDBBD}.Release|Any CPU.Build.0 = Release|Any CPU
		{857A2F92-C76E-4E57-9B9F-2E627C5ED5CE}.Debug|Any CPU.ActiveCfg = Debug|Any CPU
		{857A2F92-C76E-4E57-9B9F-2E627C5ED5CE}.Debug|Any CPU.Build.0 = Debug|Any CPU
		{857A2F92-C76E-4E57-9B9F-2E627C5ED5CE}.Release|Any CPU.ActiveCfg = Release|Any CPU
		{857A2F92-C76E-4E57-9B9F-2E627C5ED5CE}.Release|Any CPU.Build.0 = Release|Any CPU
		{D47BED43-C87D-4C7B-B31C-22A54B8950B3}.Debug|Any CPU.ActiveCfg = Debug|Any CPU
		{D47BED43-C87D-4C7B-B31C-22A54B8950B3}.Debug|Any CPU.Build.0 = Debug|Any CPU
		{D47BED43-C87D-4C7B-B31C-22A54B8950B3}.Release|Any CPU.ActiveCfg = Release|Any CPU
		{D47BED43-C87D-4C7B-B31C-22A54B8950B3}.Release|Any CPU.Build.0 = Release|Any CPU
		{5E7C53B5-FC3A-49EE-9F5B-2B73A6AE5946}.Debug|Any CPU.ActiveCfg = Debug|Any CPU
		{5E7C53B5-FC3A-49EE-9F5B-2B73A6AE5946}.Debug|Any CPU.Build.0 = Debug|Any CPU
		{5E7C53B5-FC3A-49EE-9F5B-2B73A6AE5946}.Release|Any CPU.ActiveCfg = Release|Any CPU
		{5E7C53B5-FC3A-49EE-9F5B-2B73A6AE5946}.Release|Any CPU.Build.0 = Release|Any CPU
		{9FB26E4B-E5C0-4EAA-AAAE-44247B3ECE1E}.Debug|Any CPU.ActiveCfg = Debug|Any CPU
		{9FB26E4B-E5C0-4EAA-AAAE-44247B3ECE1E}.Debug|Any CPU.Build.0 = Debug|Any CPU
		{9FB26E4B-E5C0-4EAA-AAAE-44247B3ECE1E}.Release|Any CPU.ActiveCfg = Release|Any CPU
		{9FB26E4B-E5C0-4EAA-AAAE-44247B3ECE1E}.Release|Any CPU.Build.0 = Release|Any CPU
	EndGlobalSection
	GlobalSection(SolutionProperties) = preSolution
		HideSolutionNode = FALSE
	EndGlobalSection
	GlobalSection(NestedProjects) = preSolution
		{4EA178FB-9ED8-4848-BED9-7D7158DDD62F} = {36C26E5A-FEB1-4463-8BB7-58A0AD55B8AD}
		{1DC40C0B-580D-4BAD-A113-5E9D3FBDDBBD} = {36C26E5A-FEB1-4463-8BB7-58A0AD55B8AD}
		{857A2F92-C76E-4E57-9B9F-2E627C5ED5CE} = {36C26E5A-FEB1-4463-8BB7-58A0AD55B8AD}
		{D47BED43-C87D-4C7B-B31C-22A54B8950B3} = {36C26E5A-FEB1-4463-8BB7-58A0AD55B8AD}
		{5E7C53B5-FC3A-49EE-9F5B-2B73A6AE5946} = {36C26E5A-FEB1-4463-8BB7-58A0AD55B8AD}
	EndGlobalSection
	GlobalSection(ExtensibilityGlobals) = postSolution
		SolutionGuid = {8A37486C-34C8-41E6-8DAF-DDC8EDA50D80}
	EndGlobalSection
EndGlobal
